
Microsoft Visual Studio Solution File, Format Version 12.00
# Visual Studio Version 18
VisualStudioVersion = 18.6.11806.211 stable
MinimumVisualStudioVersion = 10.0.40219.1
Project("{FAE04EC0-301F-11D3-BF4B-00C04F79EFBC}") = "ControleVendas", "ControleVendas.csproj", "{1DDA53D4-133B-74E9-D503-C0FF0B695DBC}"
EndProject
Global
	GlobalSection(SolutionConfigurationPlatforms) = preSolution
		Debug|Any CPU = Debug|Any CPU
		Release|Any CPU = Release|Any CPU
	EndGlobalSection
	GlobalSection(ProjectConfigurationPlatforms) = postSolution
		{1DDA53D4-133B-74E9-D503-C0FF0B695DBC}.Debug|Any CPU.ActiveCfg = Debug|Any CPU
		{1DDA53D4-133B-74E9-D503-C0FF0B695DBC}.Debug|Any CPU.Build.0 = Debug|Any CPU
		{1DDA53D4-133B-74E9-D503-C0FF0B695DBC}.Release|Any CPU.ActiveCfg = Release|Any CPU
		{1DDA53D4-133B-74E9-D503-C0FF0B695DBC}.Release|Any CPU.Build.0 = Release|Any CPU
	EndGlobalSection
	GlobalSection(SolutionProperties) = preSolution
		HideSolutionNode = FALSE
	EndGlobalSection
	GlobalSection(ExtensibilityGlobals) = postSolution
		SolutionGuid = {D92BAE4A-1D0F-467E-B547-9EF1C330B84F}
	EndGlobalSection
EndGlobal
